
Microsoft Visual Studio Solution File, Format Version 12.00
# Visual Studio Version 17
VisualStudioVersion = 17.0.31919.166
MinimumVisualStudioVersion = 10.0.40219.1
Project("{FAE04EC0-301F-11D3-BF4B-00C04F79EFBC}") = "Lecture1", "Lecture1\Lecture1.csproj", "{DBD3F6E6-8B48-4B69-B2C0-16D73892768B}"
EndProject
Global
	GlobalSection(SolutionConfigurationPlatforms) = preSolution
		Debug|Any CPU = Debug|Any CPU
		Release|Any CPU = Release|Any CPU
	EndGlobalSection
	GlobalSection(ProjectConfigurationPlatforms) = postSolution
		{DBD3F6E6-8B48-4B69-B2C0-16D73892768B}.Debug|Any CPU.ActiveCfg = Debug|Any CPU
		{DBD3F6E6-8B48-4B69-B2C0-16D73892768B}.Debug|Any CPU.Build.0 = Debug|Any CPU
		{DBD3F6E6-8B48-4B69-B2C0-16D73892768B}.Release|Any CPU.ActiveCfg = Release|Any CPU
		{DBD3F6E6-8B48-4B69-B2C0-16D73892768B}.Release|Any CPU.Build.0 = Release|Any CPU
	EndGlobalSection
	GlobalSection(SolutionProperties) = preSolution
		HideSolutionNode = FALSE
	EndGlobalSection
	GlobalSection(ExtensibilityGlobals) = postSolution
		SolutionGuid = {9A92D4B6-A53A-4A96-9C2E-AC4783A2469D}
	EndGlobalSection
EndGlobal
